
Microsoft Visual Studio Solution File, Format Version 12.00
# Visual Studio Version 17
VisualStudioVersion = 17.7.34031.279
MinimumVisualStudioVersion = 10.0.40219.1
Project("{FAE04EC0-301F-11D3-BF4B-00C04F79EFBC}") = "CustomLead", "CustomLead\CustomLead.csproj", "{4977794C-E14F-4322-BC2F-07E93E2EC057}"
EndProject
Project("{FAE04EC0-301F-11D3-BF4B-00C04F79EFBC}") = "Domain", "Domain\Domain.csproj", "{BBCA818C-88C5-4790-927F-41D1D14D404D}"
EndProject
Project("{FAE04EC0-301F-11D3-BF4B-00C04F79EFBC}") = "Persistance", "Persistance\Persistance.csproj", "{393B9FD0-C692-4304-A5EF-55877EEFD2CE}"
EndProject
Global
	GlobalSection(SolutionConfigurationPlatforms) = preSolution
		Debug|Any CPU = Debug|Any CPU
		Release|Any CPU = Release|Any CPU
	EndGlobalSection
	GlobalSection(ProjectConfigurationPlatforms) = postSolution
		{4977794C-E14F-4322-BC2F-07E93E2EC057}.Debug|Any CPU.ActiveCfg = Debug|Any CPU
		{4977794C-E14F-4322-BC2F-07E93E2EC057}.Debug|Any CPU.Build.0 = Debug|Any CPU
		{4977794C-E14F-4322-BC2F-07E93E2EC057}.Release|Any CPU.ActiveCfg = Release|Any CPU
		{4977794C-E14F-4322-BC2F-07E93E2EC057}.Release|Any CPU.Build.0 = Release|Any CPU
		{BBCA818C-88C5-4790-927F-41D1D14D404D}.Debug|Any CPU.ActiveCfg = Debug|Any CPU
		{BBCA818C-88C5-4790-927F-41D1D14D404D}.Debug|Any CPU.Build.0 = Debug|Any CPU
		{BBCA818C-88C5-4790-927F-41D1D14D404D}.Release|Any CPU.ActiveCfg = Release|Any CPU
		{BBCA818C-88C5-4790-927F-41D1D14D404D}.Release|Any CPU.Build.0 = Release|Any CPU
		{393B9FD0-C692-4304-A5EF-55877EEFD2CE}.Debug|Any CPU.ActiveCfg = Debug|Any CPU
		{393B9FD0-C692-4304-A5EF-55877EEFD2CE}.Debug|Any CPU.Build.0 = Debug|Any CPU
		{393B9FD0-C692-4304-A5EF-55877EEFD2CE}.Release|Any CPU.ActiveCfg = Release|Any CPU
		{393B9FD0-C692-4304-A5EF-55877EEFD2CE}.Release|Any CPU.Build.0 = Release|Any CPU
	EndGlobalSection
	GlobalSection(SolutionProperties) = preSolution
		HideSolutionNode = FALSE
	EndGlobalSection
	GlobalSection(ExtensibilityGlobals) = postSolution
		SolutionGuid = {00050405-FF4A-4395-A3C2-00EB03CE2DE6}
	EndGlobalSection
EndGlobal
